
Microsoft Visual Studio Solution File, Format Version 12.00
# Visual Studio Version 16
VisualStudioVersion = 16.0.30804.86
MinimumVisualStudioVersion = 10.0.40219.1
Project("{FAE04EC0-301F-11D3-BF4B-00C04F79EFBC}") = "Main", "Main.csproj", "{AF6218F4-64B5-462C-8411-D10F8137DE86}"
EndProject
Global
	GlobalSection(SolutionConfigurationPlatforms) = preSolution
		Debug|Any CPU = Debug|Any CPU
		Release|Any CPU = Release|Any CPU
	EndGlobalSection
	GlobalSection(ProjectConfigurationPlatforms) = postSolution
		{AF6218F4-64B5-462C-8411-D10F8137DE86}.Debug|Any CPU.ActiveCfg = Debug|Any CPU
		{AF6218F4-64B5-462C-8411-D10F8137DE86}.Debug|Any CPU.Build.0 = Debug|Any CPU
		{AF6218F4-64B5-462C-8411-D10F8137DE86}.Release|Any CPU.ActiveCfg = Release|Any CPU
		{AF6218F4-64B5-462C-8411-D10F8137DE86}.Release|Any CPU.Build.0 = Release|Any CPU
	EndGlobalSection
	GlobalSection(SolutionProperties) = preSolution
		HideSolutionNode = FALSE
	EndGlobalSection
	GlobalSection(ExtensibilityGlobals) = postSolution
		SolutionGuid = {C8AE9A01-34D0-4107-A7FE-6BC9DE531D2D}
	EndGlobalSection
EndGlobal
